
Microsoft Visual Studio Solution File, Format Version 12.00
# Visual Studio 2012
Project("{FAE04EC0-301F-11D3-BF4B-00C04F79EFBC}") = "BindingTalk.Core", "BindingTalk.Core\BindingTalk.Core.csproj", "{ECBED271-CDF3-4589-BB41-7A5F0ED8E5FA}"
EndProject
Project("{FAE04EC0-301F-11D3-BF4B-00C04F79EFBC}") = "BindingTalk.Droid", "BindingTalk.Droid\BindingTalk.Droid.csproj", "{1620619F-DF92-4525-B240-015E4808826B}"
EndProject
Global
	GlobalSection(SolutionConfigurationPlatforms) = preSolution
		Debug|Any CPU = Debug|Any CPU
		Release|Any CPU = Release|Any CPU
	EndGlobalSection
	GlobalSection(ProjectConfigurationPlatforms) = postSolution
		{ECBED271-CDF3-4589-BB41-7A5F0ED8E5FA}.Debug|Any CPU.ActiveCfg = Debug|Any CPU
		{ECBED271-CDF3-4589-BB41-7A5F0ED8E5FA}.Debug|Any CPU.Build.0 = Debug|Any CPU
		{ECBED271-CDF3-4589-BB41-7A5F0ED8E5FA}.Release|Any CPU.ActiveCfg = Release|Any CPU
		{ECBED271-CDF3-4589-BB41-7A5F0ED8E5FA}.Release|Any CPU.Build.0 = Release|Any CPU
		{1620619F-DF92-4525-B240-015E4808826B}.Debug|Any CPU.ActiveCfg = Debug|Any CPU
		{1620619F-DF92-4525-B240-015E4808826B}.Debug|Any CPU.Build.0 = Debug|Any CPU
		{1620619F-DF92-4525-B240-015E4808826B}.Debug|Any CPU.Deploy.0 = Debug|Any CPU
		{1620619F-DF92-4525-B240-015E4808826B}.Release|Any CPU.ActiveCfg = Release|Any CPU
		{1620619F-DF92-4525-B240-015E4808826B}.Release|Any CPU.Build.0 = Release|Any CPU
		{1620619F-DF92-4525-B240-015E4808826B}.Release|Any CPU.Deploy.0 = Release|Any CPU
	EndGlobalSection
	GlobalSection(SolutionProperties) = preSolution
		HideSolutionNode = FALSE
	EndGlobalSection
EndGlobal
